{
  "name": "pages-csp-generator",
  "version": "1.0.0",
  "lockfileVersion": 2,
  "requires": true,
  "packages": {
    "": {
      "name": "pages-csp-generator",
      "version": "1.0.0",
      "license": "ISC",
      "dependencies": {
        "@cloudflare/workers-types": "^3.5.1",
        "typescript": "^4.6.3"
      }
    },
    "node_modules/@cloudflare/workers-types": {
      "version": "3.5.1",
      "resolved": "https://registry.npmjs.org/@cloudflare/workers-types/-/workers-types-3.5.1.tgz",
      "integrity": "sha512-3InFTahEqziyJ2DSRL29TmrukGvxsijxwOP+Jb1gdihEuRLhwwtY49hgpExGm21HBu6E6Qr/RxlPUp2+o+qoUg=="
    },
    "node_modules/typescript": {
      "version": "4.6.3",
      "resolved": "https://registry.npmjs.org/typescript/-/typescript-4.6.3.tgz",
      "integrity": "sha512-yNIatDa5iaofVozS/uQJEl3JRWLKKGJKh6Yaiv0GLGSuhpFJe7P3SbHZ8/yjAHRQwKRoA6YZqlfjXWmVzoVSMw==",
      "bin": {
        "tsc": "bin/tsc",
        "tsserver": "bin/tsserver"
      },
      "engines": {
        "node": ">=4.2.0"
      }
    }
  },
  "dependencies": {
    "@cloudflare/workers-types": {
      "version": "3.5.1",
      "resolved": "https://registry.npmjs.org/@cloudflare/workers-types/-/workers-types-3.5.1.tgz",
      "integrity": "sha512-3InFTahEqziyJ2DSRL29TmrukGvxsijxwOP+Jb1gdihEuRLhwwtY49hgpExGm21HBu6E6Qr/RxlPUp2+o+qoUg=="
    },
    "typescript": {
      "version": "4.6.3",
      "resolved": "https://registry.npmjs.org/typescript/-/typescript-4.6.3.tgz",
      "integrity": "sha512-yNIatDa5iaofVozS/uQJEl3JRWLKKGJKh6Yaiv0GLGSuhpFJe7P3SbHZ8/yjAHRQwKRoA6YZqlfjXWmVzoVSMw=="
    }
  }
}
